
Microsoft Visual Studio Solution File, Format Version 12.00
# Visual Studio Version 17
VisualStudioVersion = 17.11.35327.3
MinimumVisualStudioVersion = 10.0.40219.1
Project("{FAE04EC0-301F-11D3-BF4B-00C04F79EFBC}") = "Application", "Penguin\src\Application\Application.csproj", "{CC525CBE-A87E-4A1D-8E1C-D205C5FFE063}"
EndProject
Project("{FAE04EC0-301F-11D3-BF4B-00C04F79EFBC}") = "Domain", "Penguin\src\Domain\Domain.csproj", "{C6B2E45C-60A4-4FFA-8736-168A4CF8467D}"
EndProject
Project("{FAE04EC0-301F-11D3-BF4B-00C04F79EFBC}") = "Infrastructure", "Penguin\src\Infrastructure\Infrastructure.csproj", "{754332C4-170C-4ED0-A648-399AA656F30A}"
EndProject
Project("{FAE04EC0-301F-11D3-BF4B-00C04F79EFBC}") = "Web", "Penguin\src\Web\Web.csproj", "{382A5E8E-5389-4D5A-8C66-983869C9ADF3}"
EndProject
Project("{FAE04EC0-301F-11D3-BF4B-00C04F79EFBC}") = "Application.FunctionalTests", "Penguin\tests\Application.FunctionalTests\Application.FunctionalTests.csproj", "{7B847FB7-32BE-442A-A1BF-5D2EAABF8469}"
EndProject
Project("{FAE04EC0-301F-11D3-BF4B-00C04F79EFBC}") = "Application.UnitTests", "Penguin\tests\Application.UnitTests\Application.UnitTests.csproj", "{D1212745-1D46-4427-8E4B-26A55CC85CE8}"
EndProject
Project("{FAE04EC0-301F-11D3-BF4B-00C04F79EFBC}") = "Domain.UnitTests", "Penguin\tests\Domain.UnitTests\Domain.UnitTests.csproj", "{EF887A38-EC8F-47DB-B538-A0C5DDA472BC}"
EndProject
Project("{FAE04EC0-301F-11D3-BF4B-00C04F79EFBC}") = "Infrastructure.IntegrationTests", "Penguin\tests\Infrastructure.IntegrationTests\Infrastructure.IntegrationTests.csproj", "{47097446-2DFC-4A50-ACDB-83A00EF594EE}"
EndProject
Global
	GlobalSection(SolutionConfigurationPlatforms) = preSolution
		Debug|Any CPU = Debug|Any CPU
		Release|Any CPU = Release|Any CPU
	EndGlobalSection
	GlobalSection(ProjectConfigurationPlatforms) = postSolution
		{CC525CBE-A87E-4A1D-8E1C-D205C5FFE063}.Debug|Any CPU.ActiveCfg = Debug|Any CPU
		{CC525CBE-A87E-4A1D-8E1C-D205C5FFE063}.Debug|Any CPU.Build.0 = Debug|Any CPU
		{CC525CBE-A87E-4A1D-8E1C-D205C5FFE063}.Release|Any CPU.ActiveCfg = Release|Any CPU
		{CC525CBE-A87E-4A1D-8E1C-D205C5FFE063}.Release|Any CPU.Build.0 = Release|Any CPU
		{C6B2E45C-60A4-4FFA-8736-168A4CF8467D}.Debug|Any CPU.ActiveCfg = Debug|Any CPU
		{C6B2E45C-60A4-4FFA-8736-168A4CF8467D}.Debug|Any CPU.Build.0 = Debug|Any CPU
		{C6B2E45C-60A4-4FFA-8736-168A4CF8467D}.Release|Any CPU.ActiveCfg = Release|Any CPU
		{C6B2E45C-60A4-4FFA-8736-168A4CF8467D}.Release|Any CPU.Build.0 = Release|Any CPU
		{754332C4-170C-4ED0-A648-399AA656F30A}.Debug|Any CPU.ActiveCfg = Debug|Any CPU
		{754332C4-170C-4ED0-A648-399AA656F30A}.Debug|Any CPU.Build.0 = Debug|Any CPU
		{754332C4-170C-4ED0-A648-399AA656F30A}.Release|Any CPU.ActiveCfg = Release|Any CPU
		{754332C4-170C-4ED0-A648-399AA656F30A}.Release|Any CPU.Build.0 = Release|Any CPU
		{382A5E8E-5389-4D5A-8C66-983869C9ADF3}.Debug|Any CPU.ActiveCfg = Debug|Any CPU
		{382A5E8E-5389-4D5A-8C66-983869C9ADF3}.Debug|Any CPU.Build.0 = Debug|Any CPU
		{382A5E8E-5389-4D5A-8C66-983869C9ADF3}.Release|Any CPU.ActiveCfg = Release|Any CPU
		{382A5E8E-5389-4D5A-8C66-983869C9ADF3}.Release|Any CPU.Build.0 = Release|Any CPU
		{7B847FB7-32BE-442A-A1BF-5D2EAABF8469}.Debug|Any CPU.ActiveCfg = Debug|Any CPU
		{7B847FB7-32BE-442A-A1BF-5D2EAABF8469}.Debug|Any CPU.Build.0 = Debug|Any CPU
		{7B847FB7-32BE-442A-A1BF-5D2EAABF8469}.Release|Any CPU.ActiveCfg = Release|Any CPU
		{7B847FB7-32BE-442A-A1BF-5D2EAABF8469}.Release|Any CPU.Build.0 = Release|Any CPU
		{D1212745-1D46-4427-8E4B-26A55CC85CE8}.Debug|Any CPU.ActiveCfg = Debug|Any CPU
		{D1212745-1D46-4427-8E4B-26A55CC85CE8}.Debug|Any CPU.Build.0 = Debug|Any CPU
		{D1212745-1D46-4427-8E4B-26A55CC85CE8}.Release|Any CPU.ActiveCfg = Release|Any CPU
		{D1212745-1D46-4427-8E4B-26A55CC85CE8}.Release|Any CPU.Build.0 = Release|Any CPU
		{EF887A38-EC8F-47DB-B538-A0C5DDA472BC}.Debug|Any CPU.ActiveCfg = Debug|Any CPU
		{EF887A38-EC8F-47DB-B538-A0C5DDA472BC}.Debug|Any CPU.Build.0 = Debug|Any CPU
		{EF887A38-EC8F-47DB-B538-A0C5DDA472BC}.Release|Any CPU.ActiveCfg = Release|Any CPU
		{EF887A38-EC8F-47DB-B538-A0C5DDA472BC}.Release|Any CPU.Build.0 = Release|Any CPU
		{47097446-2DFC-4A50-ACDB-83A00EF594EE}.Debug|Any CPU.ActiveCfg = Debug|Any CPU
		{47097446-2DFC-4A50-ACDB-83A00EF594EE}.Debug|Any CPU.Build.0 = Debug|Any CPU
		{47097446-2DFC-4A50-ACDB-83A00EF594EE}.Release|Any CPU.ActiveCfg = Release|Any CPU
		{47097446-2DFC-4A50-ACDB-83A00EF594EE}.Release|Any CPU.Build.0 = Release|Any CPU
	EndGlobalSection
	GlobalSection(SolutionProperties) = preSolution
		HideSolutionNode = FALSE
	EndGlobalSection
	GlobalSection(ExtensibilityGlobals) = postSolution
		SolutionGuid = {43CB99AD-54BA-4CBA-8D06-33615AF7012D}
	EndGlobalSection
EndGlobal
